version = 1
revision = 3
requires-python = "==3.14.*"
resolution-markers = [
    "platform_machine == 'x86_64' and sys_platform == 'linux'",
    "platform_machine == 'aarch64' and sys_platform == 'linux'",
    "platform_machine == 'arm64' and sys_platform == 'darwin'",
]
supported-markers = [
    "platform_machine == 'x86_64' and sys_platform == 'linux'",
    "platform_machine == 'aarch64' and sys_platform == 'linux'",
    "platform_machine == 'arm64' and sys_platform == 'darwin'",
]

[[package]]
name = "asttokens"
version = "3.0.2"
source = { registry = "https://pypi.org/simple" }
sdist = { url = "https://files.pythonhosted.org/packages/25/1e/faf0f247f6f881b98fc4d6d07e14085cb89d13665084e6d6ac1dc2c03d0b/asttokens-3.0.2.tar.gz", hash = "sha256:3ecdbd8f2cc195f53ccada3a613538bb5f9ef6f6869129f13e03c30a677b8fe2", size = 63136, upload-time = "2026-07-12T03:31:49.084Z" }
wheels = [
    { url = "https://files.pythonhosted.org/packages/d4/2b/04b8a15f3a1c77bc79ddf5c73875327f34b4fa75982df2b76e45e402d364/asttokens-3.0.2-py3-none-any.whl", hash = "sha256:9da13157f5b28becde0bd374fc677dcd3c290614264eff096f167c469cd9f933", size = 28702, upload-time = "2026-07-12T03:31:47.542Z" },
]

[[package]]
name = "boto3"
version = "1.43.65"
source = { registry = "https://pypi.org/simple" }
dependencies = [
    { name = "botocore" },
    { name = "jmespath" },
    { name = "s3transfer" },
]
sdist = { url = "https://files.pythonhosted.org/packages/51/87/d61a5a76088240012800f303d3b910c259f6c630e395a013fa1a1216fdae/boto3-1.43.65.tar.gz", hash = "sha256:f2331154aee1ae97ece48077d77f41d3bd5ea39eb4e3037030448b58695a3a79", size = 112676, upload-time = "2026-08-05T19:25:01.257Z" }
wheels = [
    { url = "https://files.pythonhosted.org/packages/ec/df/694d81db07214fd98e37836ad114d175680daa127f5be8fb2abe00d949af/boto3-1.43.65-py3-none-any.whl", hash = "sha256:a8217fb68cae3f8a7575eef395383b68b846d92d29b0e8f6e948e6e9e08dcc3f", size = 140024, upload-time = "2026-08-05T19:24:58.853Z" },
]

[[package]]
name = "botocore"
version = "1.43.65"
source = { registry = "https://pypi.org/simple" }
dependencies = [
    { name = "jmespath" },
    { name = "python-dateutil" },
    { name = "urllib3" },
]
sdist = { url = "https://files.pythonhosted.org/packages/fa/86/65c298732919b84a3ecf331caeb47b8efcc1ce0537e8fdecad2cfee39174/botocore-1.43.65.tar.gz", hash = "sha256:eea5440cf4b850d0f4de4f7eda418c325c87de6d8980873f8b636bb482b31d0f", size = 15842580, upload-time = "2026-08-05T19:24:55.745Z" }
wheels = [
    { url = "https://files.pythonhosted.org/packages/25/0a/3b84332d8dc2acf6af269f8175f94159ad495a7de29e5f335f933f0b5da4/botocore-1.43.65-py3-none-any.whl", hash = "sha256:41a13d9a1954d786f90cdbba0be0953fe9b9389f240b5ff71340c4706ea40135", size = 15526731, upload-time = "2026-08-05T19:24:52.175Z" },
]

[[package]]
name = "certifi"
version = "2026.7.22"
source = { registry = "https://pypi.org/simple" }
sdist = { url = "https://files.pythonhosted.org/packages/a3/c2/24167ea9858356b47a87a50d39908bfdb72ceeefe0041586e704e5376b3a/certifi-2026.7.22.tar.gz", hash = "sha256:741e2c3b351ddf169a738da9f2c048608ff7f2c5cc02f1ebc6b118bb090d5d55", size = 138112, upload-time = "2026-07-22T03:35:12.644Z" }
wheels = [
    { url = "https://files.pythonhosted.org/packages/0b/a7/71ac2cff56fec219ed242bb11b8efb69fcc4bec75db06fb7bfe35de520e6/certifi-2026.7.22-py3-none-any.whl", hash = "sha256:62f22742b58a1a33014a2b6b706588a8d7e2a88ae7bd1a6ebe8c992928483775", size = 136983, upload-time = "2026-07-22T03:35:11.276Z" },
]

[[package]]
name = "charset-normalizer"
version = "3.5.1"
source = { registry = "https://pypi.org/simple" }
sdist = { url = "https://files.pythonhosted.org/packages/e5/3f/143b048436775b0f76ac3eec145c019e8173ccc2885c8f20319b996d5e83/charset_normalizer-3.5.1.tar.gz", hash = "sha256:6117b84ea48435e5356dc737f5121485c30920ba43375fa7b434fd753df0eac3", size = 171764, upload-time = "2026-08-15T08:20:44.807Z" }
wheels = [
    { url = "https://files.pythonhosted.org/packages/c3/d9/35ae3f64f29d0179c35c3baefe575904df2913dde519129c7f75995a2b1d/charset_normalizer-3.5.1-cp314-cp314-ios_13_0_arm64_iphoneos.whl", hash = "sha256:09a7bba9f739468c8e78c36a75c33768e53cb1959fc638f510454c14683f00d5", size = 194848, upload-time = "2026-08-15T08:18:07.397Z" },
    { url = "https://files.pythonhosted.org/packages/74/76/f2fc7380f056cc273a53af37f50d08ad54b2c59f61078f31432edcf1c2bd/charset_normalizer-3.5.1-cp314-cp314-ios_13_0_arm64_iphonesimulator.whl", hash = "sha256:4c9548dc78002099910abaebc0a72ac58b7d30931869e0351c09b507dff4ece3", size = 198163, upload-time = "2026-08-15T08:18:08.989Z" },
    { url = "https://files.pythonhosted.org/packages/e9/40/095ce62fa078483cccc1fa2b36e6bc9580b85422a20ee9f925341c50e44f/charset_normalizer-3.5.1-cp314-cp314-macosx_10_15_universal2.whl", hash = "sha256:c428c6c31eb5f4277d7f8eccaf767fbd548ddd5ce3c8b4f4cbbfab3d96b5904c", size = 341823, upload-time = "2026-08-15T08:18:10.458Z" },
    { url = "https://files.pythonhosted.org/packages/f1/5a/0e58b1c04a1596e0256f407274a92d5fb2ee21324409d1fab1da48a65b5b/charset_normalizer-3.5.1-cp314-cp314-manylinux2014_aarch64.manylinux_2_17_aarch64.manylinux_2_28_aarch64.whl", hash = "sha256:2f06b7eae9dbe77fe1d644ca244dad508de8d302870a43f3c559b521270938a0", size = 242458, upload-time = "2026-08-15T08:18:11.989Z" },
    { url = "https://files.pythonhosted.org/packages/e0/91/39c3af510b0aa32bbda03374259200f28430febfd1bf5e511fe765282ce5/charset_normalizer-3.5.1-cp314-cp314-manylinux2014_x86_64.manylinux_2_17_x86_64.manylinux_2_28_x86_64.whl", hash = "sha256:15f024313246a4ed976c60f440bb8d257815513a681d212ff74fd46f7d715a90", size = 251240, upload-time = "2026-08-15T08:18:18.127Z" },
    { url = "https://files.pythonhosted.org/packages/cc/a4/689bb42e8e7cd492f3cb64907c6bc00ad247ec9a3628cd3f8eed126e8ae1/charset_normalizer-3.5.1-cp314-cp314-musllinux_1_2_aarch64.whl", hash = "sha256:01e93745f7f219b703b60ba7afead36cfc4242782be5af484673fc500df12da5", size = 244597, upload-time = "2026-08-15T08:18:21.121Z" },
    { url = "https://files.pythonhosted.org/packages/4f/ab/74a55fd803916a35ac461daf002708191aac19b546b80dc8cabfedc63d98/charset_normalizer-3.5.1-cp314-cp314-musllinux_1_2_x86_64.whl", hash = "sha256:9ac4444d8d4fd4c4bd08bf451ed3167aa9e7ec6cdb41b648794f1d1103652e36", size = 253054, upload-time = "2026-08-15T08:18:28.568Z" },
    { url = "https://files.pythonhosted.org/packages/a0/2a/6a9034b7d3c60b17499afb482df5878bf9fa20b50cc3887d5ef017a833db/charset_normalizer-3.5.1-cp314-cp314-pyemscripten_2026_0_wasm32.whl", hash = "sha256:f03ac127268b43ef4fe9e6ab6794a6794b49485a0cc0c1db79876d2f33f75bc7", size = 140580, upload-time = "2026-08-15T08:18:30.214Z" },
    { url = "https://files.pythonhosted.org/packages/1c/6c/c73fa9d5a85f6ab05395de61c5f6984e0a9ff40bb5ff888d46dff02526c6/charset_normalizer-3.5.1-cp314-cp314t-macosx_10_15_universal2.whl", hash = "sha256:fbc597639158fd7c14d55e808718848319540f51b0e6746e3eefa59723a4a348", size = 381682, upload-time = "2026-08-15T08:18:36.349Z" },
    { url = "https://files.pythonhosted.org/packages/30/c7/63565f860921457feba93bae6c86fb7746deb4cffeed2f375cb845318146/charset_normalizer-3.5.1-cp314-cp314t-manylinux2014_aarch64.manylinux_2_17_aarch64.manylinux_2_28_aarch64.whl", hash = "sha256:e71c909f353863b2b89c83de2ebed71ea6d0df8a6ef65a128193c5e650766bef", size = 240826, upload-time = "2026-08-15T08:18:37.887Z" },
    { url = "https://files.pythonhosted.org/packages/1b/ee/e4e10a94d51cd1ee638aa7e00b65399e6b2a4e8376ab6d2eac9f95586671/charset_normalizer-3.5.1-cp314-cp314t-manylinux2014_x86_64.manylinux_2_17_x86_64.manylinux_2_28_x86_64.whl", hash = "sha256:58d4aa13a59c969dbfdf9e6a9560e242cbfd9e8a8f50c2747714df1a423adf65", size = 249329, upload-time = "2026-08-15T08:18:43.914Z" },
    { url = "https://files.pythonhosted.org/packages/a5/e9/e925ca7569cf9fb9701fd82503fee73eea5268fdb856bdd64947092d3daa/charset_normalizer-3.5.1-cp314-cp314t-musllinux_1_2_aarch64.whl", hash = "sha256:c010f5581d9c612804cc59fcf7b524b707fbcb72828551237ab545bb5c7034af", size = 242820, upload-time = "2026-08-15T08:18:46.842Z" },
    { url = "https://files.pythonhosted.org/packages/2e/1d/0fc91aeaeb3c83b748f532399ce67cf84604b48297405d740000f7a9e786/charset_normalizer-3.5.1-cp314-cp314t-musllinux_1_2_x86_64.whl", hash = "sha256:85d5855daafc240cc045c026d7a15fd198a09b0fc8ff6f5ecbb5297b509cb11e", size = 250814, upload-time = "2026-08-15T08:18:54.768Z" },
    { url = "https://files.pythonhosted.org/packages/5b/97/fb4e82231aba271ffd775a1b4993b0defc4e3059f286ae41d9433409fe85/charset_normalizer-3.5.1-cp37-abi3-macosx_10_9_universal2.whl", hash = "sha256:41876ee62a3dddf48ff1121ad8f0798032aa03f2fd35f21f34a4cab14f18d8d2", size = 331467, upload-time = "2026-08-15T08:19:50.959Z" },
    { url = "https://files.pythonhosted.org/packages/9f/2f/fe3f187327aac18e2d54e9d2b08e15d27bf9b642d9e51c219f130fc34d1a/charset_normalizer-3.5.1-cp37-abi3-manylinux1_x86_64.manylinux_2_28_x86_64.manylinux_2_5_x86_64.whl", hash = "sha256:a6dac12ff6b846103483683f60c5f8fee205121adc58ffd87e90a90a3af69e99", size = 253057, upload-time = "2026-08-15T08:19:52.654Z" },
    { url = "https://files.pythonhosted.org/packages/d7/c7/9e48cee5c161fe24da823b61bf381921d77cb994a0a4de148e95018c1984/charset_normalizer-3.5.1-cp37-abi3-manylinux2014_aarch64.manylinux_2_17_aarch64.manylinux_2_28_aarch64.whl", hash = "sha256:cee5dd7c6fb5dd52a0fe2a740f9bc6e3593f5f8b1788bde49de02086f30182b2", size = 240930, upload-time = "2026-08-15T08:19:54.163Z" },
    { url = "https://files.pythonhosted.org/packages/75/9c/019fbb9f4834491a160951349b1a3714439376f66e5f7cf18b4f18f0c7aa/charset_normalizer-3.5.1-cp37-abi3-musllinux_1_2_aarch64.whl", hash = "sha256:a2028475ba855475b8b4d3cfeb4994269c967aea8b9892dfba907f4263a863a3", size = 241821, upload-time = "2026-08-15T08:20:02.321Z" },
    { url = "https://files.pythonhosted.org/packages/80/c2/a7379b840292d0c1ab9fbd17d1f3967aa81794dc95bc74be8999d7fedcf7/charset_normalizer-3.5.1-cp37-abi3-musllinux_1_2_x86_64.whl", hash = "sha256:e199fb99720074809a7720f1c0b4d919eea8b87e88713e0f8f602f7bef543d9d", size = 254846, upload-time = "2026-08-15T08:20:10.727Z" },
    { url = "https://files.pythonhosted.org/packages/cc/61/d01fc49b8dea277640b55a9e15960dbca9fdc8c9fde18e572d39c59f4019/charset_normalizer-3.5.1-py3-none-any.whl", hash = "sha256:6df0ec430f9a831772c23ca5a224cba36517a58a84bb32c32bb59a9fa67c47f6", size = 68658, upload-time = "2026-08-15T08:20:43.306Z" },
]

[[package]]
name = "executing"
version = "2.2.1"
source = { registry = "https://pypi.org/simple" }
sdist = { url = "https://files.pythonhosted.org/packages/cc/28/c14e053b6762b1044f34a13aab6859bbf40456d37d23aa286ac24cfd9a5d/executing-2.2.1.tar.gz", hash = "sha256:3632cc370565f6648cc328b32435bd120a1e4ebb20c77e3fdde9a13cd1e533c4", size = 1129488, upload-time = "2025-09-01T09:48:10.866Z" }
wheels = [
    { url = "https://files.pythonhosted.org/packages/c1/ea/53f2148663b321f21b5a606bd5f191517cf40b7072c0497d3c92c4a13b1e/executing-2.2.1-py2.py3-none-any.whl", hash = "sha256:760643d3452b4d777d295bb167ccc74c64a81df23fb5e08eff250c425a4b2017", size = 28317, upload-time = "2025-09-01T09:48:08.5Z" },
]

[[package]]
name = "googleapis-common-protos"
version = "1.75.2"
source = { registry = "https://pypi.org/simple" }
dependencies = [
    { name = "protobuf" },
]
sdist = { url = "https://files.pythonhosted.org/packages/c0/90/fb8f1c84537fbf210c1f53a53ae473a805f6599c5a40b93c1bbadd211f7a/googleapis_common_protos-1.75.2.tar.gz", hash = "sha256:8829a3d1e4508c5b7b9a6b9525f7fccff611f8531644579a76466c29295d4bb2", size = 154083, upload-time = "2026-08-25T19:19:13.028Z" }
wheels = [
    { url = "https://files.pythonhosted.org/packages/47/5b/1c9e55363c3b1890a98cae813de5b4ea327845756cd8fb7ee690140c7eac/googleapis_common_protos-1.75.2-py3-none-any.whl", hash = "sha256:6b83302f554ea93a0f48409c7fc2050f954bcbcddb7e3a9c76d4a823cb22920e", size = 307002, upload-time = "2026-08-25T19:18:08.927Z" },
]

[[package]]
name = "grpcio"
version = "1.83.1"
source = { registry = "https://pypi.org/simple" }
dependencies = [
    { name = "typing-extensions" },
]
sdist = { url = "https://files.pythonhosted.org/packages/e2/b1/46539f5050d7c316a13396d185451f95084a74ddc68b12d818595bef0377/grpcio-1.83.1.tar.gz", hash = "sha256:9cee6fcbf2eb57c4b49451787bfa87be8efc1ca02a0b327dd4b54d44502e362b", size = 13445033, upload-time = "2026-08-28T07:09:11.464Z" }
wheels = [
    { url = "https://files.pythonhosted.org/packages/84/01/0afec1c92e4f292f74a44ecf75eabbf40903125b8c4df103c9868d6338da/grpcio-1.83.1-cp314-cp314-macosx_11_0_universal2.whl", hash = "sha256:c0f3f20c90e72a171917ae65706500b096a1c3eb5f162c3ce702a2e25635f132", size = 12170381, upload-time = "2026-08-28T07:08:50.653Z" },
    { url = "https://files.pythonhosted.org/packages/c7/5a/e9a2383804433a0a61d6d93777ad321c7f36ac1cfdaa4c6d1a7c9ac846b7/grpcio-1.83.1-cp314-cp314-manylinux2014_aarch64.manylinux_2_17_aarch64.whl", hash = "sha256:81bbf35a46bf8cad2dfbb2eccc19c711befb58b288acb534bbcd0d74283202a6", size = 6883286, upload-time = "2026-08-28T07:08:53.654Z" },
    { url = "https://files.pythonhosted.org/packages/bb/7a/4b672814b0cd0fe63bdd735379d88b165759f3144ab023ad8ec5fc4d53ac/grpcio-1.83.1-cp314-cp314-manylinux2014_x86_64.manylinux_2_17_x86_64.whl", hash = "sha256:abce7d43ec29cd39230fa8339de1a07643b55adc412a454850fbd875349950ff", size = 7044346, upload-time = "2026-08-28T07:08:57.802Z" },
    { url = "https://files.pythonhosted.org/packages/50/b8/d89fe60e4239ad51be333dd9cc703741d449a35064e51f8a0b5bfa755432/grpcio-1.83.1-cp314-cp314-musllinux_1_2_aarch64.whl", hash = "sha256:e256f95a40e3b0183a98556fb7164d24b97eeb353123ccabfcba94712b35ee2a", size = 7584187, upload-time = "2026-08-28T07:08:59.867Z" },
    { url = "https://files.pythonhosted.org/packages/f5/44/fa89e44d1b5cf5b9fa71b2fd7abf506f182fd43917231a92fbf1ea326b02/grpcio-1.83.1-cp314-cp314-musllinux_1_2_x86_64.whl", hash = "sha256:20d944d967843f8183f9f23d5916388362e5f8eeeae855bbe4354d906dc9f31b", size = 7983283, upload-time = "2026-08-28T07:09:05.087Z" },
]

[[package]]
name = "idna"
version = "3.19"
source = { registry = "https://pypi.org/simple" }
sdist = { url = "https://files.pythonhosted.org/packages/5f/f7/abb373e5757eaec4b922b92f97ec8d6d7e057cf06778247604fbc4e7c3f3/idna-3.19.tar.gz", hash = "sha256:5e0811a4383b21dc5838069f801c4fb62113b7447663d2530d2bd6e77b49bf15", size = 215237, upload-time = "2026-08-18T05:14:24.27Z" }
wheels = [
    { url = "https://files.pythonhosted.org/packages/57/b0/0e52c878c53f245edd3a11020f20979b3f490f245af532c7cae3027754b5/idna-3.19-py3-none-any.whl", hash = "sha256:815e7be7a7806d54abb586dc943addc79e8b2ee16915059658cbeff4b1b43bf4", size = 68550, upload-time = "2026-08-18T05:14:22.343Z" },
]

[[package]]
name = "iniconfig"
version = "2.3.0"
source = { registry = "https://pypi.org/simple" }
sdist = { url = "https://files.pythonhosted.org/packages/72/34/14ca021ce8e5dfedc35312d08ba8bf51fdd999c576889fc2c24cb97f4f10/iniconfig-2.3.0.tar.gz", hash = "sha256:c76315c77db068650d49c5b56314774a7804df16fee4402c1f19d6d15d8c4730", size = 20503, upload-time = "2025-10-18T21:55:43.219Z" }
wheels = [
    { url = "https://files.pythonhosted.org/packages/cb/b1/3846dd7f199d53cb17f49cba7e651e9ce294d8497c8c150530ed11865bb8/iniconfig-2.3.0-py3-none-any.whl", hash = "sha256:f631c04d2c48c52b84d0d0549c99ff3859c98df65b3101406327ecc7d53fbf12", size = 7484, upload-time = "2025-10-18T21:55:41.639Z" },
]

[[package]]
name = "inline-snapshot"
version = "0.35.4"
source = { registry = "https://pypi.org/simple" }
dependencies = [
    { name = "asttokens" },
    { name = "executing" },
    { name = "pytest" },
    { name = "rich" },
    { name = "typing-extensions" },
]
sdist = { url = "https://files.pythonhosted.org/packages/59/46/3c459f0350e88d6a5ca58a4792a7215c3b0990cf9bb6a2b37ac8d74a2504/inline_snapshot-0.35.4.tar.gz", hash = "sha256:82432a58b7ea77a172515f5024cd26fdea8dc0f873c7a4251e4e0471a914db14", size = 2537089, upload-time = "2026-08-11T07:07:56.213Z" }
wheels = [
    { url = "https://files.pythonhosted.org/packages/97/b3/dc18eb603de18daf5cacc27bb4c5e80c5403d9ca3eade7342fe4228652bf/inline_snapshot-0.35.4-py3-none-any.whl", hash = "sha256:0ad221c1bc6fe4ce249f7c1c4131284099ecac1a5c1023aa7b1a95921c07265d", size = 95725, upload-time = "2026-08-11T07:07:54.24Z" },
]

[[package]]
name = "jmespath"
version = "1.1.0"
source = { registry = "https://pypi.org/simple" }
sdist = { url = "https://files.pythonhosted.org/packages/d3/59/322338183ecda247fb5d1763a6cbe46eff7222eaeebafd9fa65d4bf5cb11/jmespath-1.1.0.tar.gz", hash = "sha256:472c87d80f36026ae83c6ddd0f1d05d4e510134ed462851fd5f754c8c3cbb88d", size = 27377, upload-time = "2026-01-22T16:35:26.279Z" }
wheels = [
    { url = "https://files.pythonhosted.org/packages/14/2f/967ba146e6d58cf6a652da73885f52fc68001525b4197effc174321d70b4/jmespath-1.1.0-py3-none-any.whl", hash = "sha256:a5663118de4908c91729bea0acadca56526eb2698e83de10cd116ae0f4e97c64", size = 20419, upload-time = "2026-01-22T16:35:24.919Z" },
]

[[package]]
name = "logfire"
version = "4.41.0"
source = { registry = "https://pypi.org/simple" }
dependencies = [
    { name = "executing" },
    { name = "opentelemetry-exporter-otlp-proto-http" },
    { name = "opentelemetry-instrumentation" },
    { name = "opentelemetry-sdk" },
    { name = "protobuf" },
    { name = "rich" },
    { name = "typing-extensions" },
]
sdist = { url = "https://files.pythonhosted.org/packages/64/1a/529f5fd3d0b72eca62737e07b290d38737f104f31891d23e5ed47a8ec7a0/logfire-4.41.0.tar.gz", hash = "sha256:3806fba60389d57c38a12a88135a7c7bf9d0fca09325094517e976b29b5b9d33", size = 1302531, upload-time = "2026-08-20T17:42:23.037Z" }
wheels = [
    { url = "https://files.pythonhosted.org/packages/fc/e1/ee33bf0e3f85c00a4235c8c9c4e23f3955154d842f15f0377936461ec6a3/logfire-4.41.0-py3-none-any.whl", hash = "sha256:5bae36637aef81eeee6bfa5d764bf3cff0755af613a4888fd0ae4a656cd2451e", size = 426654, upload-time = "2026-08-20T17:42:20.092Z" },
]

[[package]]
name = "markdown-it-py"
version = "4.2.0"
source = { registry = "https://pypi.org/simple" }
dependencies = [
    { name = "mdurl" },
]
sdist = { url = "https://files.pythonhosted.org/packages/06/ff/7841249c247aa650a76b9ee4bbaeae59370dc8bfd2f6c01f3630c35eb134/markdown_it_py-4.2.0.tar.gz", hash = "sha256:04a21681d6fbb623de53f6f364d352309d4094dd4194040a10fd51833e418d49", size = 82454, upload-time = "2026-05-07T12:08:28.36Z" }
wheels = [
    { url = "https://files.pythonhosted.org/packages/b3/81/4da04ced5a082363ecfa159c010d200ecbd959ae410c10c0264a38cac0f5/markdown_it_py-4.2.0-py3-none-any.whl", hash = "sha256:9f7ebbcd14fe59494226453aed97c1070d83f8d24b6fc3a3bcf9a38092641c4a", size = 91687, upload-time = "2026-05-07T12:08:27.182Z" },
]

[[package]]
name = "mdurl"
version = "0.1.2"
source = { registry = "https://pypi.org/simple" }
sdist = { url = "https://files.pythonhosted.org/packages/d6/54/cfe61301667036ec958cb99bd3efefba235e65cdeb9c84d24a8293ba1d90/mdurl-0.1.2.tar.gz", hash = "sha256:bb413d29f5eea38f31dd4754dd7377d4465116fb207585f97bf925588687c1ba", size = 8729, upload-time = "2022-08-14T12:40:10.846Z" }
wheels = [
    { url = "https://files.pythonhosted.org/packages/b3/38/89ba8ad64ae25be8de66a6d463314cf1eb366222074cfda9ee839c56a4b4/mdurl-0.1.2-py3-none-any.whl", hash = "sha256:84008a41e51615a49fc9966191ff91509e3c40b939176e643fd50a5c2196b8f8", size = 9979, upload-time = "2022-08-14T12:40:09.779Z" },
]

[[package]]
name = "opentelemetry-api"
version = "1.44.0"
source = { registry = "https://pypi.org/simple" }
dependencies = [
    { name = "typing-extensions" },
]
sdist = { url = "https://files.pythonhosted.org/packages/ee/8b/aa9e2d8b8dfa7c946f7dec5d1f8f6ba8eca062f43509a06bdb5ce93d26c0/opentelemetry_api-1.44.0.tar.gz", hash = "sha256:67647e5e9566edcf421166fdf022b3537f818635daa852b289e34604dc6fb33a", size = 72406, upload-time = "2026-07-16T15:25:32.678Z" }
wheels = [
    { url = "https://files.pythonhosted.org/packages/ca/6f/a04e900f465ff3221ccc395522503e2d10e79fa21f2723c8e177aae1e0d1/opentelemetry_api-1.44.0-py3-none-any.whl", hash = "sha256:94b98c893a91b88657eaac1e3ba89618cdb85be6918196705354f34728b2cdef", size = 60018, upload-time = "2026-07-16T15:25:11.657Z" },
]

[[package]]
name = "opentelemetry-exporter-otlp-proto-common"
version = "1.44.0"
source = { registry = "https://pypi.org/simple" }
dependencies = [
    { name = "opentelemetry-proto" },
]
sdist = { url = "https://files.pythonhosted.org/packages/61/09/4d717852c1cf3f854b76c7110a5d00883bc3c99288b9b0dbcbeb9e306eb6/opentelemetry_exporter_otlp_proto_common-1.44.0.tar.gz", hash = "sha256:dc87a5a5bc58f149a56d1547e4691588fa12994cdc3bc039a694ccb3375862ac", size = 20202, upload-time = "2026-07-16T15:25:37.658Z" }
wheels = [
    { url = "https://files.pythonhosted.org/packages/5e/71/65fd9d54c10b860f87c045ccee1264cab7011268895d3528818a29c1172a/opentelemetry_exporter_otlp_proto_common-1.44.0-py3-none-any.whl", hash = "sha256:9a9fe61bba73d802904bc989f1d6b4a7b1ee40f06c40e98d6f85af65aaebb694", size = 17045, upload-time = "2026-07-16T15:25:18.201Z" },
]

[[package]]
name = "opentelemetry-exporter-otlp-proto-grpc"
version = "1.44.0"
source = { registry = "https://pypi.org/simple" }
dependencies = [
    { name = "googleapis-common-protos" },
    { name = "grpcio" },
    { name = "opentelemetry-api" },
    { name = "opentelemetry-exporter-otlp-proto-common" },
    { name = "opentelemetry-proto" },
    { name = "opentelemetry-sdk" },
    { name = "typing-extensions" },
]
sdist = { url = "https://files.pythonhosted.org/packages/1f/47/80d9e9d468dc5de3af5096f5ccdb065fa4dd1470f74495cc53e59e397f47/opentelemetry_exporter_otlp_proto_grpc-1.44.0.tar.gz", hash = "sha256:40d1ae9e03fcc36de3cbac610cc99f35894938bff9cfd90fc4ec68bd85448463", size = 27225, upload-time = "2026-07-16T15:25:38.308Z" }
wheels = [
    { url = "https://files.pythonhosted.org/packages/54/29/6ae42ba32b153ae0a44ae125f0caff2188bbe62d99c82d1768da30864e72/opentelemetry_exporter_otlp_proto_grpc-1.44.0-py3-none-any.whl", hash = "sha256:6a1a645ea182a2f59440c51fa8301d309f3324a8f9d65f8395584b064b67ee4e", size = 19624, upload-time = "2026-07-16T15:25:19.096Z" },
]

[[package]]
name = "opentelemetry-exporter-otlp-proto-http"
version = "1.44.0"
source = { registry = "https://pypi.org/simple" }
dependencies = [
    { name = "googleapis-common-protos" },
    { name = "opentelemetry-api" },
    { name = "opentelemetry-exporter-otlp-proto-common" },
    { name = "opentelemetry-proto" },
    { name = "opentelemetry-sdk" },
    { name = "requests" },
    { name = "typing-extensions" },
]
sdist = { url = "https://files.pythonhosted.org/packages/1a/87/95e2a5aaa795b4e2260d74e16df2d5541deb2ea9de010bcd615f4dee2654/opentelemetry_exporter_otlp_proto_http-1.44.0.tar.gz", hash = "sha256:c633d7270ad6b57cd4cfbe8b0007a9e2e7c0cb50bd6c50fe2a7b245f721a09d8", size = 25806, upload-time = "2026-07-16T15:25:39.162Z" }
wheels = [
    { url = "https://files.pythonhosted.org/packages/cd/d0/fdeb1a98d8d3a6205f5f297c51b4a9bfe65126ab60339669bbe3dd54c2e2/opentelemetry_exporter_otlp_proto_http-1.44.0-py3-none-any.whl", hash = "sha256:838592fce774c1c8bb7b9a0a7facbfa82e17be5a8a4e94cef10cb84ae026bae3", size = 21850, upload-time = "2026-07-16T15:25:20.006Z" },
]

[[package]]
name = "opentelemetry-instrumentation"
version = "0.65b0"
source = { registry = "https://pypi.org/simple" }
dependencies = [
    { name = "opentelemetry-api" },
    { name = "opentelemetry-semantic-conventions" },
    { name = "packaging" },
    { name = "wrapt" },
]
sdist = { url = "https://files.pythonhosted.org/packages/13/91/3c58961cb0360cd60509064734f0be4275383c8681d73c580a40ca83ddce/opentelemetry_instrumentation-0.65b0.tar.gz", hash = "sha256:071d9d9eced9bd6460444ec3b0c77229870ed05a881c22c84fdede58e4eed09b", size = 42689, upload-time = "2026-07-16T15:25:50.275Z" }
wheels = [
    { url = "https://files.pythonhosted.org/packages/40/7b/85eab1215f72adf0e68d3dc4a679b9bff993fa679ff34cd8dd378e2659fd/opentelemetry_instrumentation-0.65b0-py3-none-any.whl", hash = "sha256:ea967a72b9939b5fcfdad572753b4306c59dcb99e3f382d95dae04286805e137", size = 36717, upload-time = "2026-07-16T15:24:51.424Z" },
]

[[package]]
name = "opentelemetry-instrumentation-botocore"
version = "0.65b0"
source = { registry = "https://pypi.org/simple" }
dependencies = [
    { name = "opentelemetry-api" },
    { name = "opentelemetry-instrumentation" },
    { name = "opentelemetry-propagator-aws-xray" },
    { name = "opentelemetry-semantic-conventions" },
    { name = "wrapt" },
]
sdist = { url = "https://files.pythonhosted.org/packages/54/03/a0c6a0f34ba3cacda527317e7f2a5a1fcfd21c9911eee3e6fc2be63d0a93/opentelemetry_instrumentation_botocore-0.65b0.tar.gz", hash = "sha256:64987326ac98a47a85821606a981f5058864de0e98b43c8de892eb0fe625b04e", size = 125099, upload-time = "2026-07-16T15:25:59.335Z" }
wheels = [
    { url = "https://files.pythonhosted.org/packages/3f/59/0b51f55d9fb96949674efe895d330506b7b8c1b13a6401f0eec49d1196af/opentelemetry_instrumentation_botocore-0.65b0-py3-none-any.whl", hash = "sha256:a5e80b9423f8369c9bbc27a64b31f02cc44218633028ad8d1ace0a2a7fc8f4cd", size = 36242, upload-time = "2026-07-16T15:25:03.377Z" },
]

[[package]]
name = "opentelemetry-propagator-aws-xray"
version = "1.0.2"
source = { registry = "https://pypi.org/simple" }
dependencies = [
    { name = "opentelemetry-api" },
]
sdist = { url = "https://files.pythonhosted.org/packages/f4/31/40004e9e55b1e5694ef3a7526f0b7637df44196fc68a8b7d248a3684680f/opentelemetry_propagator_aws_xray-1.0.2.tar.gz", hash = "sha256:6b2cee5479d2ef0172307b66ed2ed151f598a0fd29b3c01133ac87ca06326260", size = 10994, upload-time = "2024-08-05T17:45:57.601Z" }
wheels = [
    { url = "https://files.pythonhosted.org/packages/ea/89/849a0847871fd9745315896ad9e23d6479db84d90b8b36c4c26dc46e92b8/opentelemetry_propagator_aws_xray-1.0.2-py3-none-any.whl", hash = "sha256:1c99181ee228e99bddb638a0c911a297fa21f1c3a0af951f841e79919b5f1934", size = 10856, upload-time = "2024-08-05T17:45:56.492Z" },
]

[[package]]
name = "opentelemetry-proto"
version = "1.44.0"
source = { registry = "https://pypi.org/simple" }
dependencies = [
    { name = "protobuf" },
]
sdist = { url = "https://files.pythonhosted.org/packages/64/01/40ac4ae9a149263cc52c2cee200ddd80cb6d8db1a4610abf8eabce0fe771/opentelemetry_proto-1.44.0.tar.gz", hash = "sha256:c547a79c2f8c0c515d31509154682e5921c7cfd5ca67b70e1f9266e2c3e103f3", size = 46488, upload-time = "2026-07-16T15:25:45.34Z" }
wheels = [
    { url = "https://files.pythonhosted.org/packages/d1/7c/8be563d68e93bbefa5c8affb82ddcff91b3ad858ce49957ba7b16fd3e0ab/opentelemetry_proto-1.44.0-py3-none-any.whl", hash = "sha256:898b155a0e1557afd867478fb6158e8122a46329ca0bb8dc53cc55e98f017f56", size = 72483, upload-time = "2026-07-16T15:25:28.429Z" },
]

[[package]]
name = "opentelemetry-sdk"
version = "1.44.0"
source = { registry = "https://pypi.org/simple" }
dependencies = [
    { name = "opentelemetry-api" },
    { name = "opentelemetry-semantic-conventions" },
    { name = "typing-extensions" },
]
sdist = { url = "https://files.pythonhosted.org/packages/5d/77/a6592cbc7c8d9bcc9d6757a9df45e04a7c585e3e6e7a13456da522b21109/opentelemetry_sdk-1.44.0.tar.gz", hash = "sha256:cebe7f65dc12f26ead75c6064de12fd2a9052e5060c0272d402cfa203aae123b", size = 208624, upload-time = "2026-07-16T15:25:46.078Z" }
wheels = [
    { url = "https://files.pythonhosted.org/packages/e7/23/ff077e61886ee020a17ce9c8b6fa11c601c8d8345b09ea24f605445df62a/opentelemetry_sdk-1.44.0-py3-none-any.whl", hash = "sha256:df081c4c6bcfdb1211e3e86140376792643128a25f8d72d1d27675936e7e96ad", size = 137221, upload-time = "2026-07-16T15:25:29.534Z" },
]

[[package]]
name = "opentelemetry-semantic-conventions"
version = "0.65b0"
source = { registry = "https://pypi.org/simple" }
dependencies = [
    { name = "opentelemetry-api" },
    { name = "typing-extensions" },
]
sdist = { url = "https://files.pythonhosted.org/packages/8f/73/0cbdebcb4cf545fdd328da14f5137e37d0770c3f26185e478b0d15d94f50/opentelemetry_semantic_conventions-0.65b0.tar.gz", hash = "sha256:f9b2b81e9d5b64f11bc952075e7e9c7fb0aab075c7fd1c46d597f1b919852d60", size = 148774, upload-time = "2026-07-16T15:25:46.902Z" }
wheels = [
    { url = "https://files.pythonhosted.org/packages/a6/0e/49df70d9b81fb5cbae4bbf2a49d865b09bcbcbc4eb53f5851b1027738d78/opentelemetry_semantic_conventions-0.65b0-py3-none-any.whl", hash = "sha256:1cacde7b0ad306f84c5ef08c3dbe1bbaf20165bba6f8bff43b670e555a086bcb", size = 204645, upload-time = "2026-07-16T15:25:30.688Z" },
]

[[package]]
name = "packaging"
version = "26.3"
source = { registry = "https://pypi.org/simple" }
sdist = { url = "https://files.pythonhosted.org/packages/7d/fa/3944b40b07da9ce895c0e6303a5ab7d53da063554f534556b134a54d6093/packaging-26.3.tar.gz", hash = "sha256:94edc256424af38762eb31306eed28beb9f0efc50a8837492c9d6fd6004aed79", size = 313412, upload-time = "2026-08-04T18:15:28.737Z" }
wheels = [
    { url = "https://files.pythonhosted.org/packages/63/34/ba1c580383c9eada3711951fef0795c80b829a078d72188184bcab9dd527/packaging-26.3-py3-none-any.whl", hash = "sha256:d7193f7c8e4e93f444fde0262bf90af30e16fa0ad0ad44cb553c87339b23cd1c", size = 129956, upload-time = "2026-08-04T18:15:27.159Z" },
]

[[package]]
name = "pluggy"
version = "1.6.0"
source = { registry = "https://pypi.org/simple" }
sdist = { url = "https://files.pythonhosted.org/packages/f9/e2/3e91f31a7d2b083fe6ef3fa267035b518369d9511ffab804f839851d2779/pluggy-1.6.0.tar.gz", hash = "sha256:7dcc130b76258d33b90f61b658791dede3486c3e6bfb003ee5c9bfb396dd22f3", size = 69412, upload-time = "2025-05-15T12:30:07.975Z" }
wheels = [
    { url = "https://files.pythonhosted.org/packages/54/20/4d324d65cc6d9205fabedc306948156824eb9f0ee1633355a8f7ec5c66bf/pluggy-1.6.0-py3-none-any.whl", hash = "sha256:e920276dd6813095e9377c0bc5566d94c932c33b27a3e3945d8389c374dd4746", size = 20538, upload-time = "2025-05-15T12:30:06.134Z" },
]

[[package]]
name = "protobuf"
version = "7.36.0"
source = { registry = "https://pypi.org/simple" }
sdist = { url = "https://files.pythonhosted.org/packages/a7/e7/0553e21d25ca4d9f573135775348a372c3ec34a93a71d5f297c3bac38341/protobuf-7.36.0.tar.gz", hash = "sha256:e8e09cb0d794c6687926fa558a8a6e72aa10edb997d5ca61da0765f12a3e00ea", size = 510034, upload-time = "2026-08-20T16:34:01.071Z" }
wheels = [
    { url = "https://files.pythonhosted.org/packages/8f/ae/58e3ca96cb2e118cc546b677359b3c6659f79a140935c08dec94c7998585/protobuf-7.36.0-cp310-abi3-macosx_10_9_universal2.whl", hash = "sha256:9103532dffd80c6fab7e50c65a31007680a06eb57537d437bb1b35812c138a37", size = 453256, upload-time = "2026-08-20T16:33:53.945Z" },
    { url = "https://files.pythonhosted.org/packages/f0/15/5162230af4912697f0fe406f6800f80760945babcff0e2c2fe6c84ef2d5d/protobuf-7.36.0-cp310-abi3-manylinux2014_aarch64.whl", hash = "sha256:bf94a5917c71058262de683669bc0a797a7669d3de71f0b36d058e3194f47b44", size = 341436, upload-time = "2026-08-20T16:33:55.134Z" },
    { url = "https://files.pythonhosted.org/packages/c7/f8/bd5804695ba400e423c33fd4d9f58c28d86633d5ba1945c36ff3967d98cb/protobuf-7.36.0-cp310-abi3-manylinux2014_x86_64.whl", hash = "sha256:70f5ec8eb0da81a44360c0dc0beac99a0d78071d21956a7076bae8bd2051841b", size = 340439, upload-time = "2026-08-20T16:33:56.992Z" },
    { url = "https://files.pythonhosted.org/packages/01/c3/629999e78d46c1115c11886d51c6bd68c17ce4a944f1ea3e153a91316a33/protobuf-7.36.0-py3-none-any.whl", hash = "sha256:53374d53fc29a67f7dbbf0ade47d7526a0f0137bf0f9c90e48d8a60790ef748c", size = 177024, upload-time = "2026-08-20T16:34:00.053Z" },
]

[[package]]
name = "pygments"
version = "2.21.0"
source = { registry = "https://pypi.org/simple" }
sdist = { url = "https://files.pythonhosted.org/packages/49/2e/ced460408999b33da6b31b0021b0f37d329e202d4169aeb164493778f25b/pygments-2.21.0.tar.gz", hash = "sha256:610ca751c9bc2492b38eb9a38a7fbc93edbbb2d7182edaf34e66ae493dee5c8c", size = 5005329, upload-time = "2026-08-17T08:02:48.824Z" }
wheels = [
    { url = "https://files.pythonhosted.org/packages/71/46/17f022dd3e953bf20a04a028a21ec746d942f8d2af30fa0f124fa0e6a684/pygments-2.21.0-py3-none-any.whl", hash = "sha256:2363c69b61c4a97c838da3b130dcd6468f4848992b21a82f2a63ec34377137d9", size = 1250147, upload-time = "2026-08-17T08:02:44.912Z" },
]

[[package]]
name = "pytest"
version = "9.1.1"
source = { registry = "https://pypi.org/simple" }
dependencies = [
    { name = "iniconfig" },
    { name = "packaging" },
    { name = "pluggy" },
    { name = "pygments" },
]
sdist = { url = "https://files.pythonhosted.org/packages/e4/47/b9efed96c114afcfa3c9d3fe98a76a1d14c74a9e266d397cf6eb64be5e01/pytest-9.1.1.tar.gz", hash = "sha256:1088fbde8f2b49d95a549a195707afa7a76a3ce9bcadc26b6d71f0ffda5fe313", size = 1636369, upload-time = "2026-06-19T10:58:32.857Z" }
wheels = [
    { url = "https://files.pythonhosted.org/packages/24/25/1de2678b631f5a49215c6c96fff41ba892b0a34df68d6d80292b1b48aa7f/pytest-9.1.1-py3-none-any.whl", hash = "sha256:37a86b45efb9a47a61a36449063e8e18d0cab3161329fc099eb21783169c4f0c", size = 386536, upload-time = "2026-06-19T10:58:31.347Z" },
]

[[package]]
name = "python-dateutil"
version = "2.9.0.post0"
source = { registry = "https://pypi.org/simple" }
dependencies = [
    { name = "six" },
]
sdist = { url = "https://files.pythonhosted.org/packages/66/c0/0c8b6ad9f17a802ee498c46e004a0eb49bc148f2fd230864601a86dcf6db/python-dateutil-2.9.0.post0.tar.gz", hash = "sha256:37dd54208da7e1cd875388217d5e00ebd4179249f90fb72437e91a35459a0ad3", size = 342432, upload-time = "2024-03-01T18:36:20.211Z" }
wheels = [
    { url = "https://files.pythonhosted.org/packages/ec/57/56b9bcc3c9c6a792fcbaf139543cee77261f3651ca9da0c93f5c1221264b/python_dateutil-2.9.0.post0-py2.py3-none-any.whl", hash = "sha256:a8b2bc7bffae282281c8140a97d3aa9c14da0b136dfe83f850eea9a5f7470427", size = 229892, upload-time = "2024-03-01T18:36:18.57Z" },
]

[[package]]
name = "requests"
version = "2.34.2"
source = { registry = "https://pypi.org/simple" }
dependencies = [
    { name = "certifi" },
    { name = "charset-normalizer" },
    { name = "idna" },
    { name = "urllib3" },
]
sdist = { url = "https://files.pythonhosted.org/packages/ac/c3/e2a2b89f2d3e2179abd6d00ebd70bff6273f37fb3e0cc209f48b39d00cbf/requests-2.34.2.tar.gz", hash = "sha256:f288924cae4e29463698d6d60bc6a4da69c89185ad1e0bcc4104f584e960b9ed", size = 142856, upload-time = "2026-05-14T19:25:27.735Z" }
wheels = [
    { url = "https://files.pythonhosted.org/packages/a0/f4/c67b0b3f1b9245e8d266f0f112c500d50e5b4e83cb6f3b71b6528104182a/requests-2.34.2-py3-none-any.whl", hash = "sha256:2a0d60c172f83ac6ab31e4554906c0f3b3588d37b5cb939b1c061f4907e278e0", size = 73075, upload-time = "2026-05-14T19:25:26.443Z" },
]

[[package]]
name = "rhoai-in-kind"
version = "0.1.0"
source = { editable = "." }
dependencies = [
    { name = "boto3" },
]

[package.optional-dependencies]
tracing = [
    { name = "logfire" },
    { name = "opentelemetry-exporter-otlp-proto-grpc" },
    { name = "opentelemetry-instrumentation-botocore" },
]

[package.dev-dependencies]
dev = [
    { name = "inline-snapshot" },
    { name = "pytest" },
]

[package.metadata]
requires-dist = [
    { name = "boto3" },
    { name = "logfire", marker = "extra == 'tracing'" },
    { name = "opentelemetry-exporter-otlp-proto-grpc", marker = "extra == 'tracing'" },
    { name = "opentelemetry-instrumentation-botocore", marker = "extra == 'tracing'" },
]
provides-extras = ["tracing"]

[package.metadata.requires-dev]
dev = [
    { name = "inline-snapshot" },
    { name = "pytest", specifier = ">=9.1.1" },
]

[[package]]
name = "rich"
version = "15.0.0"
source = { registry = "https://pypi.org/simple" }
dependencies = [
    { name = "markdown-it-py" },
    { name = "pygments" },
]
sdist = { url = "https://files.pythonhosted.org/packages/c0/8f/0722ca900cc807c13a6a0c696dacf35430f72e0ec571c4275d2371fca3e9/rich-15.0.0.tar.gz", hash = "sha256:edd07a4824c6b40189fb7ac9bc4c52536e9780fbbfbddf6f1e2502c31b068c36", size = 230680, upload-time = "2026-04-12T08:24:00.75Z" }
wheels = [
    { url = "https://files.pythonhosted.org/packages/82/3b/64d4899d73f91ba49a8c18a8ff3f0ea8f1c1d75481760df8c68ef5235bf5/rich-15.0.0-py3-none-any.whl", hash = "sha256:33bd4ef74232fb73fe9279a257718407f169c09b78a87ad3d296f548e27de0bb", size = 310654, upload-time = "2026-04-12T08:24:02.83Z" },
]

[[package]]
name = "s3transfer"
version = "0.19.2"
source = { registry = "https://pypi.org/simple" }
dependencies = [
    { name = "botocore" },
]
sdist = { url = "https://files.pythonhosted.org/packages/76/43/35e4d8aa320bffe8287fe8f65f578fa2d2db0a64212f0e710dce58267854/s3transfer-0.19.2.tar.gz", hash = "sha256:ba0309fd86be3c27dbf78cdd813c13c5e1df16e5874b99d2535ebbdfb9892993", size = 165592, upload-time = "2026-07-22T19:30:44.432Z" }
wheels = [
    { url = "https://files.pythonhosted.org/packages/bc/e7/5c595c75e9f41a44f30e526eda465ea0b4eec93470e074e4a111b253f13a/s3transfer-0.19.2-py3-none-any.whl", hash = "sha256:d8168eccca828cbb2cd573675333f3bddd254313a9c42494b84c76b539e8ba25", size = 90216, upload-time = "2026-07-22T19:30:43.251Z" },
]

[[package]]
name = "six"
version = "1.17.0"
source = { registry = "https://pypi.org/simple" }
sdist = { url = "https://files.pythonhosted.org/packages/94/e7/b2c673351809dca68a0e064b6af791aa332cf192da575fd474ed7d6f16a2/six-1.17.0.tar.gz", hash = "sha256:ff70335d468e7eb6ec65b95b99d3a2836546063f63acc5171de367e834932a81", size = 34031, upload-time = "2024-12-04T17:35:28.174Z" }
wheels = [
    { url = "https://files.pythonhosted.org/packages/b7/ce/149a00dd41f10bc29e5921b496af8b574d8413afcd5e30dfa0ed46c2cc5e/six-1.17.0-py2.py3-none-any.whl", hash = "sha256:4721f391ed90541fddacab5acf947aa0d3dc7d27b2e1e8eda2be8970586c3274", size = 11050, upload-time = "2024-12-04T17:35:26.475Z" },
]

[[package]]
name = "typing-extensions"
version = "4.16.0"
source = { registry = "https://pypi.org/simple" }
sdist = { url = "https://files.pythonhosted.org/packages/f6/cc/6253133b5bb138fc3306cebfbda2c520f545d36b5be2c7255cc528bb45d6/typing_extensions-4.16.0.tar.gz", hash = "sha256:dc983d19a509c94dba722ee6abd33940f7c05a89e243c47e907eb4db6f1a43e5", size = 113555, upload-time = "2026-07-02T08:40:05.92Z" }
wheels = [
    { url = "https://files.pythonhosted.org/packages/49/d3/b8441a820a491ddfc024b0b0cf0393375b75ea13866d9c66727e54c2fc80/typing_extensions-4.16.0-py3-none-any.whl", hash = "sha256:481caa481374e813c1b176ada14e97f1f67a4539ce9cfeb3f350d78d6370c2e8", size = 45571, upload-time = "2026-07-02T08:40:04.659Z" },
]

[[package]]
name = "urllib3"
version = "2.7.0"
source = { registry = "https://pypi.org/simple" }
sdist = { url = "https://files.pythonhosted.org/packages/53/0c/06f8b233b8fd13b9e5ee11424ef85419ba0d8ba0b3138bf360be2ff56953/urllib3-2.7.0.tar.gz", hash = "sha256:231e0ec3b63ceb14667c67be60f2f2c40a518cb38b03af60abc813da26505f4c", size = 433602, upload-time = "2026-05-07T16:13:18.596Z" }
wheels = [
    { url = "https://files.pythonhosted.org/packages/7f/3e/5db95bcf282c52709639744ca2a8b149baccf648e39c8cc87553df9eae0c/urllib3-2.7.0-py3-none-any.whl", hash = "sha256:9fb4c81ebbb1ce9531cce37674bbc6f1360472bc18ca9a553ede278ef7276897", size = 131087, upload-time = "2026-05-07T16:13:17.151Z" },
]

[[package]]
name = "wrapt"
version = "2.3.0"
source = { registry = "https://pypi.org/simple" }
sdist = { url = "https://files.pythonhosted.org/packages/2b/b0/c1f5a970721f06b85c0cd5142e0ff8fe067708abd779b0c4f4be7d61d09f/wrapt-2.3.0.tar.gz", hash = "sha256:681a2d0eefd721998f90642762b8e75c2159ec531b20ad5e437245ea7b06a107", size = 131509, upload-time = "2026-07-28T06:06:14.895Z" }
wheels = [
    { url = "https://files.pythonhosted.org/packages/b3/31/0916d9cebf848ed3f1a0c1888faee421747df77331e4db2bc527a9a85988/wrapt-2.3.0-cp314-cp314-macosx_11_0_arm64.whl", hash = "sha256:fd85b0aa88efdb189d6ae2f35f4526943a8f091c38599c9c31478241c819e6a1", size = 82518, upload-time = "2026-07-28T06:05:22.562Z" },
    { url = "https://files.pythonhosted.org/packages/f5/73/31c1bf0f3384062751c2094dadb314916d70aa9b6bfd26d994b4a7b393fa/wrapt-2.3.0-cp314-cp314-manylinux1_x86_64.manylinux_2_28_x86_64.manylinux_2_5_x86_64.whl", hash = "sha256:141ed6211286a9660d8d6702de598b43f0934b4f0eda16393f100a80f501d945", size = 170187, upload-time = "2026-07-28T06:05:23.904Z" },
    { url = "https://files.pythonhosted.org/packages/ed/25/fce087d54b79b8905f3c3c9dd5f454bbd8d8acb80b960c4a6aee5b4659b3/wrapt-2.3.0-cp314-cp314-manylinux2014_aarch64.manylinux_2_17_aarch64.manylinux_2_28_aarch64.whl", hash = "sha256:2e49885a62ec4ee854d1b9e6371fda6afd219917225752abf729a3f36d4df9a5", size = 169288, upload-time = "2026-07-28T06:05:25.378Z" },
    { url = "https://files.pythonhosted.org/packages/2c/ca/0913af0d2ec0c43865d32d615f518fea66c13c5c930e489e9b0de248e9a8/wrapt-2.3.0-cp314-cp314-musllinux_1_2_aarch64.whl", hash = "sha256:24da48596326ef8e448cfa837b454f638713d3531262375f00e5a9681682fc07", size = 169017, upload-time = "2026-07-28T06:05:28.501Z" },
    { url = "https://files.pythonhosted.org/packages/43/a5/ef2066ced8e5fca204e2b361e9708e36555b40949c583d997ea3b590817d/wrapt-2.3.0-cp314-cp314-musllinux_1_2_x86_64.whl", hash = "sha256:4fa0df3bff4e7ce45759f33fd39335fe2f60477bb9ecf7b8aa41e7d07ee36a23", size = 168821, upload-time = "2026-07-28T06:05:31.649Z" },
    { url = "https://files.pythonhosted.org/packages/6a/eb/a1aedf03283bc9cbf8a1783995ddc54e3c5a86878f19002d2c428494f4c5/wrapt-2.3.0-cp314-cp314t-macosx_11_0_arm64.whl", hash = "sha256:c88abcf53daef80e01a75c7530e727fa6e2c1888fe83e3dcdba4c96216a1f5c7", size = 84419, upload-time = "2026-07-28T06:05:39.131Z" },
    { url = "https://files.pythonhosted.org/packages/63/61/50d511c0dc5105563849e86daa3e16ac7feef699f79fb05af45ea70107d5/wrapt-2.3.0-cp314-cp314t-manylinux1_x86_64.manylinux_2_28_x86_64.manylinux_2_5_x86_64.whl", hash = "sha256:85de890ff968196e92dd1ae73a9fb8970495e7650a457b1c9ef0ac3dd550bce2", size = 207171, upload-time = "2026-07-28T06:05:40.69Z" },
    { url = "https://files.pythonhosted.org/packages/3f/59/9b538cf7795217e810699d16bc88b96a830d9b5c403eb2ec2db6b5f2ae81/wrapt-2.3.0-cp314-cp314t-manylinux2014_aarch64.manylinux_2_17_aarch64.manylinux_2_28_aarch64.whl", hash = "sha256:50f416b74d092bb9f41b424e90dd457f365f7ba4b11de62a23679769a21bd85c", size = 214329, upload-time = "2026-07-28T06:05:42.287Z" },
    { url = "https://files.pythonhosted.org/packages/2b/01/4446b80fa2ffa47a3449b250d004ba1c1937f07f64a179608fec735df866/wrapt-2.3.0-cp314-cp314t-musllinux_1_2_aarch64.whl", hash = "sha256:93513bec052c6cd987f9f580c3df068c8bc4ebae6543736be3ca7ec5959cafcd", size = 209992, upload-time = "2026-07-28T06:05:45.677Z" },
    { url = "https://files.pythonhosted.org/packages/8b/41/6d7bcc895b0f28b2250e10908f060687b9165429dcd7f22ddb3d4c031b74/wrapt-2.3.0-cp314-cp314t-musllinux_1_2_x86_64.whl", hash = "sha256:626b69db2021aa01671ec7bbc9740e558522bd44c18cf2ce69bf3d666a014109", size = 202644, upload-time = "2026-07-28T06:05:49.183Z" },
    { url = "https://files.pythonhosted.org/packages/00/39/3daf9f47be208606586de4568ba6713db53ebc8fd7a575aea1fe57983b69/wrapt-2.3.0-py3-none-any.whl", hash = "sha256:d8c7ed08477429752b8c44991f40ad7838b18332a160698740a6bfbc10d998a2", size = 61866, upload-time = "2026-07-28T06:06:12.9Z" },
]
